// !$*UTF8*$!
{
	archiveVersion = 1;
	classes = {
	};
	objectVersion = 50;
	objects = {

/* Begin PBXBuildFile section */
		364D2AB825B345D10004823A /* AppDelegate.swift in Sources */ = {isa = PBXBuildFile; fileRef = 364D2AB725B345D10004823A /* AppDelegate.swift */; };
		364D2AC125B345D40004823A /* Assets.xcassets in Resources */ = {isa = PBXBuildFile; fileRef = 364D2AC025B345D40004823A /* Assets.xcassets */; };
		364D2AC425B345D40004823A /* LaunchScreen.storyboard in Resources */ = {isa = PBXBuildFile; fileRef = 364D2AC225B345D40004823A /* LaunchScreen.storyboard */; };
		364D2AD925B34C510004823A /* LocationService.swift in Sources */ = {isa = PBXBuildFile; fileRef = 364D2AD825B34C510004823A /* LocationService.swift */; };
		364D2ADD25B34D440004823A /* UIApplication.swift in Sources */ = {isa = PBXBuildFile; fileRef = 364D2ADC25B34D440004823A /* UIApplication.swift */; };
		364D2AE325B34E7E0004823A /* LocationViewController.swift in Sources */ = {isa = PBXBuildFile; fileRef = 364D2AE225B34E7E0004823A /* LocationViewController.swift */; };
		364D2AE725B34E8F0004823A /* LocationPresenter.swift in Sources */ = {isa = PBXBuildFile; fileRef = 364D2AE625B34E8F0004823A /* LocationPresenter.swift */; };
		364D2AEA25B34E9B0004823A /* LocationInteractor.swift in Sources */ = {isa = PBXBuildFile; fileRef = 364D2AE925B34E9B0004823A /* LocationInteractor.swift */; };
		364D2AED25B34EAC0004823A /* LocationRouter.swift in Sources */ = {isa = PBXBuildFile; fileRef = 364D2AEC25B34EAC0004823A /* LocationRouter.swift */; };
		364D2AF025B34EB60004823A /* LocationProtocol.swift in Sources */ = {isa = PBXBuildFile; fileRef = 364D2AEF25B34EB60004823A /* LocationProtocol.swift */; };
		364D2AF425B34ED00004823A /* WeatherViewController.swift in Sources */ = {isa = PBXBuildFile; fileRef = 364D2AF325B34ED00004823A /* WeatherViewController.swift */; };
		364D2AF825B34EDC0004823A /* WeatherPresenter.swift in Sources */ = {isa = PBXBuildFile; fileRef = 364D2AF725B34EDC0004823A /* WeatherPresenter.swift */; };
		364D2AFB25B34EF80004823A /* WeatherInteractor.swift in Sources */ = {isa = PBXBuildFile; fileRef = 364D2AFA25B34EF80004823A /* WeatherInteractor.swift */; };
		364D2AFE25B34F010004823A /* WeatherRouter.swift in Sources */ = {isa = PBXBuildFile; fileRef = 364D2AFD25B34F010004823A /* WeatherRouter.swift */; };
		364D2B0125B34F0B0004823A /* WeatherProtocol.swift in Sources */ = {isa = PBXBuildFile; fileRef = 364D2B0025B34F0B0004823A /* WeatherProtocol.swift */; };
		364D2B0525B35C8F0004823A /* WeatherModel.swift in Sources */ = {isa = PBXBuildFile; fileRef = 364D2B0425B35C8E0004823A /* WeatherModel.swift */; };
		8C858D1EF7C4B95483D1B5F5 /* libPods-ViperMediumExample.a in Frameworks */ = {isa = PBXBuildFile; fileRef = 2A9427E65CEBDD81B6DA2929 /* libPods-ViperMediumExample.a */; };
/* End PBXBuildFile section */

/* Begin PBXFileReference section */
		2A9427E65CEBDD81B6DA2929 /* libPods-ViperMediumExample.a */ = {isa = PBXFileReference; explicitFileType = archive.ar; includeInIndex = 0; path = "libPods-ViperMediumExample.a"; sourceTree = BUILT_PRODUCTS_DIR; };
		364D2AB425B345D10004823A /* ViperMediumExample.app */ = {isa = PBXFileReference; explicitFileType = wrapper.application; includeInIndex = 0; path = ViperMediumExample.app; sourceTree = BUILT_PRODUCTS_DIR; };
		364D2AB725B345D10004823A /* AppDelegate.swift */ = {isa = PBXFileReference; lastKnownFileType = sourcecode.swift; path = AppDelegate.swift; sourceTree = "<group>"; };
		364D2AC025B345D40004823A /* Assets.xcassets */ = {isa = PBXFileReference; lastKnownFileType = folder.assetcatalog; path = Assets.xcassets; sourceTree = "<group>"; };
		364D2AC325B345D40004823A /* Base */ = {isa = PBXFileReference; lastKnownFileType = file.storyboard; name = Base; path = Base.lproj/LaunchScreen.storyboard; sourceTree = "<group>"; };
		364D2AC525B345D40004823A /* Info.plist */ = {isa = PBXFileReference; lastKnownFileType = text.plist.xml; path = Info.plist; sourceTree = "<group>"; };
		364D2AD825B34C510004823A /* LocationService.swift */ = {isa = PBXFileReference; lastKnownFileType = sourcecode.swift; path = LocationService.swift; sourceTree = "<group>"; };
		364D2ADC25B34D440004823A /* UIApplication.swift */ = {isa = PBXFileReference; lastKnownFileType = sourcecode.swift; path = UIApplication.swift; sourceTree = "<group>"; };
		364D2AE225B34E7E0004823A /* LocationViewController.swift */ = {isa = PBXFileReference; lastKnownFileType = sourcecode.swift; path = LocationViewController.swift; sourceTree = "<group>"; };
		364D2AE625B34E8F0004823A /* LocationPresenter.swift */ = {isa = PBXFileReference; lastKnownFileType = sourcecode.swift; path = LocationPresenter.swift; sourceTree = "<group>"; };
		364D2AE925B34E9B0004823A /* LocationInteractor.swift */ = {isa = PBXFileReference; lastKnownFileType = sourcecode.swift; path = LocationInteractor.swift; sourceTree = "<group>"; };
		364D2AEC25B34EAC0004823A /* LocationRouter.swift */ = {isa = PBXFileReference; lastKnownFileType = sourcecode.swift; path = LocationRouter.swift; sourceTree = "<group>"; };
		364D2AEF25B34EB60004823A /* LocationProtocol.swift */ = {isa = PBXFileReference; lastKnownFileType = sourcecode.swift; path = LocationProtocol.swift; sourceTree = "<group>"; };
		364D2AF325B34ED00004823A /* WeatherViewController.swift */ = {isa = PBXFileReference; lastKnownFileType = sourcecode.swift; path = WeatherViewController.swift; sourceTree = "<group>"; };
		364D2AF725B34EDC0004823A /* WeatherPresenter.swift */ = {isa = PBXFileReference; lastKnownFileType = sourcecode.swift; path = WeatherPresenter.swift; sourceTree = "<group>"; };
		364D2AFA25B34EF80004823A /* WeatherInteractor.swift */ = {isa = PBXFileReference; lastKnownFileType = sourcecode.swift; path = WeatherInteractor.swift; sourceTree = "<group>"; };
		364D2AFD25B34F010004823A /* WeatherRouter.swift */ = {isa = PBXFileReference; lastKnownFileType = sourcecode.swift; path = WeatherRouter.swift; sourceTree = "<group>"; };
		364D2B0025B34F0B0004823A /* WeatherProtocol.swift */ = {isa = PBXFileReference; lastKnownFileType = sourcecode.swift; path = WeatherProtocol.swift; sourceTree = "<group>"; };
		364D2B0425B35C8E0004823A /* WeatherModel.swift */ = {isa = PBXFileReference; lastKnownFileType = sourcecode.swift; path = WeatherModel.swift; sourceTree = "<group>"; };
		7F3C8350EAAC43B2E2F1093B /* Pods-ViperMediumExample.release.xcconfig */ = {isa = PBXFileReference; includeInIndex = 1; lastKnownFileType = text.xcconfig; name = "Pods-ViperMediumExample.release.xcconfig"; path = "Target Support Files/Pods-ViperMediumExample/Pods-ViperMediumExample.release.xcconfig"; sourceTree = "<group>"; };
		E29CB2066E00C7457461529A /* Pods-ViperMediumExample.debug.xcconfig */ = {isa = PBXFileReference; includeInIndex = 1; lastKnownFileType = text.xcconfig; name = "Pods-ViperMediumExample.debug.xcconfig"; path = "Target Support Files/Pods-ViperMediumExample/Pods-ViperMediumExample.debug.xcconfig"; sourceTree = "<group>"; };
/* End PBXFileReference section */

/* Begin PBXFrameworksBuildPhase section */
		364D2AB125B345D10004823A /* Frameworks */ = {
			isa = PBXFrameworksBuildPhase;
			buildActionMask = 2147483647;
			files = (
				8C858D1EF7C4B95483D1B5F5 /* libPods-ViperMediumExample.a in Frameworks */,
			);
			runOnlyForDeploymentPostprocessing = 0;
		};
/* End PBXFrameworksBuildPhase section */

/* Begin PBXGroup section */
		364D2AAB25B345D10004823A = {
			isa = PBXGroup;
			children = (
				364D2AB625B345D10004823A /* ViperMediumExample */,
				364D2AB525B345D10004823A /* Products */,
				CB567D9E194FFB83F96A8FCA /* Pods */,
				4F2B3EC52320B21270AB7040 /* Frameworks */,
			);
			sourceTree = "<group>";
		};
		364D2AB525B345D10004823A /* Products */ = {
			isa = PBXGroup;
			children = (
				364D2AB425B345D10004823A /* ViperMediumExample.app */,
			);
			name = Products;
			sourceTree = "<group>";
		};
		364D2AB625B345D10004823A /* ViperMediumExample */ = {
			isa = PBXGroup;
			children = (
				364D2B0325B35C850004823A /* Models */,
				364D2ADB25B34D340004823A /* Extensions */,
				364D2AD125B34A820004823A /* Services */,
				364D2AD025B34A6B0004823A /* Scene */,
				364D2AB725B345D10004823A /* AppDelegate.swift */,
				364D2AC025B345D40004823A /* Assets.xcassets */,
				364D2AC225B345D40004823A /* LaunchScreen.storyboard */,
				364D2AC525B345D40004823A /* Info.plist */,
			);
			path = ViperMediumExample;
			sourceTree = "<group>";
		};
		364D2AD025B34A6B0004823A /* Scene */ = {
			isa = PBXGroup;
			children = (
				364D2AF225B34EC00004823A /* Weather */,
				364D2AE125B34E710004823A /* Location */,
			);
			path = Scene;
			sourceTree = "<group>";
		};
		364D2AD125B34A820004823A /* Services */ = {
			isa = PBXGroup;
			children = (
				364D2AD825B34C510004823A /* LocationService.swift */,
			);
			path = Services;
			sourceTree = "<group>";
		};
		364D2ADB25B34D340004823A /* Extensions */ = {
			isa = PBXGroup;
			children = (
				364D2ADC25B34D440004823A /* UIApplication.swift */,
			);
			path = Extensions;
			sourceTree = "<group>";
		};
		364D2AE125B34E710004823A /* Location */ = {
			isa = PBXGroup;
			children = (
				364D2AE225B34E7E0004823A /* LocationViewController.swift */,
				364D2AE625B34E8F0004823A /* LocationPresenter.swift */,
				364D2AE925B34E9B0004823A /* LocationInteractor.swift */,
				364D2AEC25B34EAC0004823A /* LocationRouter.swift */,
				364D2AEF25B34EB60004823A /* LocationProtocol.swift */,
			);
			path = Location;
			sourceTree = "<group>";
		};
		364D2AF225B34EC00004823A /* Weather */ = {
			isa = PBXGroup;
			children = (
				364D2AF325B34ED00004823A /* WeatherViewController.swift */,
				364D2AF725B34EDC0004823A /* WeatherPresenter.swift */,
				364D2AFA25B34EF80004823A /* WeatherInteractor.swift */,
				364D2AFD25B34F010004823A /* WeatherRouter.swift */,
				364D2B0025B34F0B0004823A /* WeatherProtocol.swift */,
			);
			path = Weather;
			sourceTree = "<group>";
		};
		364D2B0325B35C850004823A /* Models */ = {
			isa = PBXGroup;
			children = (
				364D2B0425B35C8E0004823A /* WeatherModel.swift */,
			);
			path = Models;
			sourceTree = "<group>";
		};
		4F2B3EC52320B21270AB7040 /* Frameworks */ = {
			isa = PBXGroup;
			children = (
				2A9427E65CEBDD81B6DA2929 /* libPods-ViperMediumExample.a */,
			);
			name = Frameworks;
			sourceTree = "<group>";
		};
		CB567D9E194FFB83F96A8FCA /* Pods */ = {
			isa = PBXGroup;
			children = (
				E29CB2066E00C7457461529A /* Pods-ViperMediumExample.debug.xcconfig */,
				7F3C8350EAAC43B2E2F1093B /* Pods-ViperMediumExample.release.xcconfig */,
			);
			path = Pods;
			sourceTree = "<group>";
		};
/* End PBXGroup section */

/* Begin PBXNativeTarget section */
		364D2AB325B345D10004823A /* ViperMediumExample */ = {
			isa = PBXNativeTarget;
			buildConfigurationList = 364D2AC825B345D40004823A /* Build configuration list for PBXNativeTarget "ViperMediumExample" */;
			buildPhases = (
				EA043BF0CFC997770A493049 /* [CP] Check Pods Manifest.lock */,
				364D2AB025B345D10004823A /* Sources */,
				364D2AB125B345D10004823A /* Frameworks */,
				364D2AB225B345D10004823A /* Resources */,
			);
			buildRules = (
			);
			dependencies = (
			);
			name = ViperMediumExample;
			productName = ViperMediumExample;
			productReference = 364D2AB425B345D10004823A /* ViperMediumExample.app */;
			productType = "com.apple.product-type.application";
		};
/* End PBXNativeTarget section */

/* Begin PBXProject section */
		364D2AAC25B345D10004823A /* Project object */ = {
			isa = PBXProject;
			attributes = {
				LastSwiftUpdateCheck = 1220;
				LastUpgradeCheck = 1220;
				TargetAttributes = {
					364D2AB325B345D10004823A = {
						CreatedOnToolsVersion = 12.2;
					};
				};
			};
			buildConfigurationList = 364D2AAF25B345D10004823A /* Build configuration list for PBXProject "ViperMediumExample" */;
			compatibilityVersion = "Xcode 9.3";
			developmentRegion = en;
			hasScannedForEncodings = 0;
			knownRegions = (
				en,
				Base,
			);
			mainGroup = 364D2AAB25B345D10004823A;
			productRefGroup = 364D2AB525B345D10004823A /* Products */;
			projectDirPath = "";
			projectRoot = "";
			targets = (
				364D2AB325B345D10004823A /* ViperMediumExample */,
			);
		};
/* End PBXProject section */

/* Begin PBXResourcesBuildPhase section */
		364D2AB225B345D10004823A /* Resources */ = {
			isa = PBXResourcesBuildPhase;
			buildActionMask = 2147483647;
			files = (
				364D2AC425B345D40004823A /* LaunchScreen.storyboard in Resources */,
				364D2AC125B345D40004823A /* Assets.xcassets in Resources */,
			);
			runOnlyForDeploymentPostprocessing = 0;
		};
/* End PBXResourcesBuildPhase section */

/* Begin PBXShellScriptBuildPhase section */
		EA043BF0CFC997770A493049 /* [CP] Check Pods Manifest.lock */ = {
			isa = PBXShellScriptBuildPhase;
			buildActionMask = 2147483647;
			files = (
			);
			inputFileListPaths = (
			);
			inputPaths = (
				"${PODS_PODFILE_DIR_PATH}/Podfile.lock",
				"${PODS_ROOT}/Manifest.lock",
			);
			name = "[CP] Check Pods Manifest.lock";
			outputFileListPaths = (
			);
			outputPaths = (
				"$(DERIVED_FILE_DIR)/Pods-ViperMediumExample-checkManifestLockResult.txt",
			);
			runOnlyForDeploymentPostprocessing = 0;
			shellPath = /bin/sh;
			shellScript = "diff \"${PODS_PODFILE_DIR_PATH}/Podfile.lock\" \"${PODS_ROOT}/Manifest.lock\" > /dev/null\nif [ $? != 0 ] ; then\n    # print error to STDERR\n    echo \"error: The sandbox is not in sync with the Podfile.lock. Run 'pod install' or update your CocoaPods installation.\" >&2\n    exit 1\nfi\n# This output is used by Xcode 'outputs' to avoid re-running this script phase.\necho \"SUCCESS\" > \"${SCRIPT_OUTPUT_FILE_0}\"\n";
			showEnvVarsInLog = 0;
		};
/* End PBXShellScriptBuildPhase section */

/* Begin PBXSourcesBuildPhase section */
		364D2AB025B345D10004823A /* Sources */ = {
			isa = PBXSourcesBuildPhase;
			buildActionMask = 2147483647;
			files = (
				364D2AFB25B34EF80004823A /* WeatherInteractor.swift in Sources */,
				364D2ADD25B34D440004823A /* UIApplication.swift in Sources */,
				364D2AF425B34ED00004823A /* WeatherViewController.swift in Sources */,
				364D2B0125B34F0B0004823A /* WeatherProtocol.swift in Sources */,
				364D2AD925B34C510004823A /* LocationService.swift in Sources */,
				364D2AE725B34E8F0004823A /* LocationPresenter.swift in Sources */,
				364D2AB825B345D10004823A /* AppDelegate.swift in Sources */,
				364D2AF825B34EDC0004823A /* WeatherPresenter.swift in Sources */,
				364D2AF025B34EB60004823A /* LocationProtocol.swift in Sources */,
				364D2AE325B34E7E0004823A /* LocationViewController.swift in Sources */,
				364D2B0525B35C8F0004823A /* WeatherModel.swift in Sources */,
				364D2AEA25B34E9B0004823A /* LocationInteractor.swift in Sources */,
				364D2AED25B34EAC0004823A /* LocationRouter.swift in Sources */,
				364D2AFE25B34F010004823A /* WeatherRouter.swift in Sources */,
			);
			runOnlyForDeploymentPostprocessing = 0;
		};
/* End PBXSourcesBuildPhase section */

/* Begin PBXVariantGroup section */
		364D2AC225B345D40004823A /* LaunchScreen.storyboard */ = {
			isa = PBXVariantGroup;
			children = (
				364D2AC325B345D40004823A /* Base */,
			);
			name = LaunchScreen.storyboard;
			sourceTree = "<group>";
		};
/* End PBXVariantGroup section */

/* Begin XCBuildConfiguration section */
		364D2AC625B345D40004823A /* Debug */ = {
			isa = XCBuildConfiguration;
			buildSettings = {
				ALWAYS_SEARCH_USER_PATHS = NO;
				CLANG_ANALYZER_NONNULL = YES;
				CLANG_ANALYZER_NUMBER_OBJECT_CONVERSION = YES_AGGRESSIVE;
				CLANG_CXX_LANGUAGE_STANDARD = "gnu++14";
				CLANG_CXX_LIBRARY = "libc++";
				CLANG_ENABLE_MODULES = YES;
				CLANG_ENABLE_OBJC_ARC = YES;
				CLANG_ENABLE_OBJC_WEAK = YES;
				CLANG_WARN_BLOCK_CAPTURE_AUTORELEASING = YES;
				CLANG_WARN_BOOL_CONVERSION = YES;
				CLANG_WARN_COMMA = YES;
				CLANG_WARN_CONSTANT_CONVERSION = YES;
				CLANG_WARN_DEPRECATED_OBJC_IMPLEMENTATIONS = YES;
				CLANG_WARN_DIRECT_OBJC_ISA_USAGE = YES_ERROR;
				CLANG_WARN_DOCUMENTATION_COMMENTS = YES;
				CLANG_WARN_EMPTY_BODY = YES;
				CLANG_WARN_ENUM_CONVERSION = YES;
				CLANG_WARN_INFINITE_RECURSION = YES;
				CLANG_WARN_INT_CONVERSION = YES;
				CLANG_WARN_NON_LITERAL_NULL_CONVERSION = YES;
				CLANG_WARN_OBJC_IMPLICIT_RETAIN_SELF = YES;
				CLANG_WARN_OBJC_LITERAL_CONVERSION = YES;
				CLANG_WARN_OBJC_ROOT_CLASS = YES_ERROR;
				CLANG_WARN_QUOTED_INCLUDE_IN_FRAMEWORK_HEADER = YES;
				CLANG_WARN_RANGE_LOOP_ANALYSIS = YES;
				CLANG_WARN_STRICT_PROTOTYPES = YES;
				CLANG_WARN_SUSPICIOUS_MOVE = YES;
				CLANG_WARN_UNGUARDED_AVAILABILITY = YES_AGGRESSIVE;
				CLANG_WARN_UNREACHABLE_CODE = YES;
				CLANG_WARN__DUPLICATE_METHOD_MATCH = YES;
				COPY_PHASE_STRIP = NO;
				DEBUG_INFORMATION_FORMAT = dwarf;
				ENABLE_STRICT_OBJC_MSGSEND = YES;
				ENABLE_TESTABILITY = YES;
				GCC_C_LANGUAGE_STANDARD = gnu11;
				GCC_DYNAMIC_NO_PIC = NO;
				GCC_NO_COMMON_BLOCKS = YES;
				GCC_OPTIMIZATION_LEVEL = 0;
				GCC_PREPROCESSOR_DEFINITIONS = (
					"DEBUG=1",
					"$(inherited)",
				);
				GCC_WARN_64_TO_32_BIT_CONVERSION = YES;
				GCC_WARN_ABOUT_RETURN_TYPE = YES_ERROR;
				GCC_WARN_UNDECLARED_SELECTOR = YES;
				GCC_WARN_UNINITIALIZED_AUTOS = YES_AGGRESSIVE;
				GCC_WARN_UNUSED_FUNCTION = YES;
				GCC_WARN_UNUSED_VARIABLE = YES;
				IPHONEOS_DEPLOYMENT_TARGET = 14.2;
				MTL_ENABLE_DEBUG_INFO = INCLUDE_SOURCE;
				MTL_FAST_MATH = YES;
				ONLY_ACTIVE_ARCH = YES;
				SDKROOT = iphoneos;
				SWIFT_ACTIVE_COMPILATION_CONDITIONS = DEBUG;
				SWIFT_OPTIMIZATION_LEVEL = "-Onone";
			};
			name = Debug;
		};
		364D2AC725B345D40004823A /* Release */ = {
			isa = XCBuildConfiguration;
			buildSettings = {
				ALWAYS_SEARCH_USER_PATHS = NO;
				CLANG_ANALYZER_NONNULL = YES;
				CLANG_ANALYZER_NUMBER_OBJECT_CONVERSION = YES_AGGRESSIVE;
				CLANG_CXX_LANGUAGE_STANDARD = "gnu++14";
				CLANG_CXX_LIBRARY = "libc++";
				CLANG_ENABLE_MODULES = YES;
				CLANG_ENABLE_OBJC_ARC = YES;
				CLANG_ENABLE_OBJC_WEAK = YES;
				CLANG_WARN_BLOCK_CAPTURE_AUTORELEASING = YES;
				CLANG_WARN_BOOL_CONVERSION = YES;
				CLANG_WARN_COMMA = YES;
				CLANG_WARN_CONSTANT_CONVERSION = YES;
				CLANG_WARN_DEPRECATED_OBJC_IMPLEMENTATIONS = YES;
				CLANG_WARN_DIRECT_OBJC_ISA_USAGE = YES_ERROR;
				CLANG_WARN_DOCUMENTATION_COMMENTS = YES;
				CLANG_WARN_EMPTY_BODY = YES;
				CLANG_WARN_ENUM_CONVERSION = YES;
				CLANG_WARN_INFINITE_RECURSION = YES;
				CLANG_WARN_INT_CONVERSION = YES;
				CLANG_WARN_NON_LITERAL_NULL_CONVERSION = YES;
				CLANG_WARN_OBJC_IMPLICIT_RETAIN_SELF = YES;
				CLANG_WARN_OBJC_LITERAL_CONVERSION = YES;
				CLANG_WARN_OBJC_ROOT_CLASS = YES_ERROR;
				CLANG_WARN_QUOTED_INCLUDE_IN_FRAMEWORK_HEADER = YES;
				CLANG_WARN_RANGE_LOOP_ANALYSIS = YES;
				CLANG_WARN_STRICT_PROTOTYPES = YES;
				CLANG_WARN_SUSPICIOUS_MOVE = YES;
				CLANG_WARN_UNGUARDED_AVAILABILITY = YES_AGGRESSIVE;
				CLANG_WARN_UNREACHABLE_CODE = YES;
				CLANG_WARN__DUPLICATE_METHOD_MATCH = YES;
				COPY_PHASE_STRIP = NO;
				DEBUG_INFORMATION_FORMAT = "dwarf-with-dsym";
				ENABLE_NS_ASSERTIONS = NO;
				ENABLE_STRICT_OBJC_MSGSEND = YES;
				GCC_C_LANGUAGE_STANDARD = gnu11;
				GCC_NO_COMMON_BLOCKS = YES;
				GCC_WARN_64_TO_32_BIT_CONVERSION = YES;
				GCC_WARN_ABOUT_RETURN_TYPE = YES_ERROR;
				GCC_WARN_UNDECLARED_SELECTOR = YES;
				GCC_WARN_UNINITIALIZED_AUTOS = YES_AGGRESSIVE;
				GCC_WARN_UNUSED_FUNCTION = YES;
				GCC_WARN_UNUSED_VARIABLE = YES;
				IPHONEOS_DEPLOYMENT_TARGET = 14.2;
				MTL_ENABLE_DEBUG_INFO = NO;
				MTL_FAST_MATH = YES;
				SDKROOT = iphoneos;
				SWIFT_COMPILATION_MODE = wholemodule;
				SWIFT_OPTIMIZATION_LEVEL = "-O";
				VALIDATE_PRODUCT = YES;
			};
			name = Release;
		};
		364D2AC925B345D40004823A /* Debug */ = {
			isa = XCBuildConfiguration;
			baseConfigurationReference = E29CB2066E00C7457461529A /* Pods-ViperMediumExample.debug.xcconfig */;
			buildSettings = {
				ASSETCATALOG_COMPILER_APPICON_NAME = AppIcon;
				ASSETCATALOG_COMPILER_GLOBAL_ACCENT_COLOR_NAME = AccentColor;
				CODE_SIGN_STYLE = Automatic;
				DEVELOPMENT_TEAM = 43THU6L26P;
				INFOPLIST_FILE = ViperMediumExample/Info.plist;
				IPHONEOS_DEPLOYMENT_TARGET = 12.0;
				LD_RUNPATH_SEARCH_PATHS = (
					"$(inherited)",
					"@executable_path/Frameworks",
				);
				PRODUCT_BUNDLE_IDENTIFIER = com.ferhanakkan.ViperMediumExample;
				PRODUCT_NAME = "$(TARGET_NAME)";
				SWIFT_VERSION = 5.0;
				TARGETED_DEVICE_FAMILY = "1,2";
			};
			name = Debug;
		};
		364D2ACA25B345D40004823A /* Release */ = {
			isa = XCBuildConfiguration;
			baseConfigurationReference = 7F3C8350EAAC43B2E2F1093B /* Pods-ViperMediumExample.release.xcconfig */;
			buildSettings = {
				ASSETCATALOG_COMPILER_APPICON_NAME = AppIcon;
				ASSETCATALOG_COMPILER_GLOBAL_ACCENT_COLOR_NAME = AccentColor;
				CODE_SIGN_STYLE = Automatic;
				DEVELOPMENT_TEAM = 43THU6L26P;
				INFOPLIST_FILE = ViperMediumExample/Info.plist;
				IPHONEOS_DEPLOYMENT_TARGET = 12.0;
				LD_RUNPATH_SEARCH_PATHS = (
					"$(inherited)",
					"@executable_path/Frameworks",
				);
				PRODUCT_BUNDLE_IDENTIFIER = com.ferhanakkan.ViperMediumExample;
				PRODUCT_NAME = "$(TARGET_NAME)";
				SWIFT_VERSION = 5.0;
				TARGETED_DEVICE_FAMILY = "1,2";
			};
			name = Release;
		};
/* End XCBuildConfiguration section */

/* Begin XCConfigurationList section */
		364D2AAF25B345D10004823A /* Build configuration list for PBXProject "ViperMediumExample" */ = {
			isa = XCConfigurationList;
			buildConfigurations = (
				364D2AC625B345D40004823A /* Debug */,
				364D2AC725B345D40004823A /* Release */,
			);
			defaultConfigurationIsVisible = 0;
			defaultConfigurationName = Release;
		};
		364D2AC825B345D40004823A /* Build configuration list for PBXNativeTarget "ViperMediumExample" */ = {
			isa = XCConfigurationList;
			buildConfigurations = (
				364D2AC925B345D40004823A /* Debug */,
				364D2ACA25B345D40004823A /* Release */,
			);
			defaultConfigurationIsVisible = 0;
			defaultConfigurationName = Release;
		};
/* End XCConfigurationList section */
	};
	rootObject = 364D2AAC25B345D10004823A /* Project object */;
}
